
Microsoft Visual Studio Solution File, Format Version 12.00
# Visual Studio Version 17
VisualStudioVersion = 17.11.35303.130
MinimumVisualStudioVersion = 10.0.40219.1
Project("{FAE04EC0-301F-11D3-BF4B-00C04F79EFBC}") = "Myrie-Oshawn-A2", "Myrie-Oshawn-A2.csproj", "{C25249E7-738A-41DD-8488-E9F9627D4F8D}"
EndProject
Global
	GlobalSection(SolutionConfigurationPlatforms) = preSolution
		Debug|Any CPU = Debug|Any CPU
		Release|Any CPU = Release|Any CPU
	EndGlobalSection
	GlobalSection(ProjectConfigurationPlatforms) = postSolution
		{C25249E7-738A-41DD-8488-E9F9627D4F8D}.Debug|Any CPU.ActiveCfg = Debug|Any CPU
		{C25249E7-738A-41DD-8488-E9F9627D4F8D}.Debug|Any CPU.Build.0 = Debug|Any CPU
		{C25249E7-738A-41DD-8488-E9F9627D4F8D}.Release|Any CPU.ActiveCfg = Release|Any CPU
		{C25249E7-738A-41DD-8488-E9F9627D4F8D}.Release|Any CPU.Build.0 = Release|Any CPU
	EndGlobalSection
	GlobalSection(SolutionProperties) = preSolution
		HideSolutionNode = FALSE
	EndGlobalSection
	GlobalSection(ExtensibilityGlobals) = postSolution
		SolutionGuid = {2241ACB0-7765-4015-9E8A-B1785906B793}
	EndGlobalSection
EndGlobal
